// !$*UTF8*$!
{
	archiveVersion = 1;
	classes = {
	};
	objectVersion = 50;
	objects = {

/* Begin PBXBuildFile section */
		C7EE1ACA228FDCCE007FA8BA /* VenueOverlay.swift in Sources */ = {isa = PBXBuildFile; fileRef = C7EE1AC9228FDCCE007FA8BA /* VenueOverlay.swift */; };
		C7EE1ACC228FDCE0007FA8BA /* Venue.swift in Sources */ = {isa = PBXBuildFile; fileRef = C7EE1ACB228FDCE0007FA8BA /* Venue.swift */; };
		C7EE1ACE228FE1C0007FA8BA /* LocationManager.swift in Sources */ = {isa = PBXBuildFile; fileRef = C7EE1ACD228FE1C0007FA8BA /* LocationManager.swift */; };
		C7EE1AD0228FE78D007FA8BA /* VenueAnnotation.swift in Sources */ = {isa = PBXBuildFile; fileRef = C7EE1ACF228FE78D007FA8BA /* VenueAnnotation.swift */; };
		C7EE1AD2228FE980007FA8BA /* VenuesMapSearchViewController.swift in Sources */ = {isa = PBXBuildFile; fileRef = C7EE1AD1228FE980007FA8BA /* VenuesMapSearchViewController.swift */; };
		C7EE1AD5228FF9F0007FA8BA /* PersistencyManager.swift in Sources */ = {isa = PBXBuildFile; fileRef = C7EE1AD3228FF9EF007FA8BA /* PersistencyManager.swift */; };
		C7EE1AD8228FFA1D007FA8BA /* FoursquareAPI.swift in Sources */ = {isa = PBXBuildFile; fileRef = C7EE1AD7228FFA1D007FA8BA /* FoursquareAPI.swift */; };
		C7EE3473228EEA2900C7A209 /* AppDelegate.swift in Sources */ = {isa = PBXBuildFile; fileRef = C7EE3472228EEA2900C7A209 /* AppDelegate.swift */; };
		C7EE3475228EEA2900C7A209 /* VenuesMapViewController.swift in Sources */ = {isa = PBXBuildFile; fileRef = C7EE3474228EEA2900C7A209 /* VenuesMapViewController.swift */; };
		C7EE3478228EEA2900C7A209 /* Main.storyboard in Resources */ = {isa = PBXBuildFile; fileRef = C7EE3476228EEA2900C7A209 /* Main.storyboard */; };
		C7EE347A228EEA2A00C7A209 /* Assets.xcassets in Resources */ = {isa = PBXBuildFile; fileRef = C7EE3479228EEA2A00C7A209 /* Assets.xcassets */; };
		C7EE347D228EEA2A00C7A209 /* LaunchScreen.storyboard in Resources */ = {isa = PBXBuildFile; fileRef = C7EE347B228EEA2A00C7A209 /* LaunchScreen.storyboard */; };
		C7EE3488228EEA2A00C7A209 /* EventogyVenuesAppTests.swift in Sources */ = {isa = PBXBuildFile; fileRef = C7EE3487228EEA2A00C7A209 /* EventogyVenuesAppTests.swift */; };
		C7EE3493228EEA2B00C7A209 /* EventogyVenuesAppUITests.swift in Sources */ = {isa = PBXBuildFile; fileRef = C7EE3492228EEA2B00C7A209 /* EventogyVenuesAppUITests.swift */; };
		C7EE34A7228F2D9800C7A209 /* VenuesResultViewController.swift in Sources */ = {isa = PBXBuildFile; fileRef = C7EE34A6228F2D9800C7A209 /* VenuesResultViewController.swift */; };
		C7EE34C1228F354100C7A209 /* NSAttributedString+Ext.swift in Sources */ = {isa = PBXBuildFile; fileRef = C7EE34C0228F354100C7A209 /* NSAttributedString+Ext.swift */; };
		C7EE34C3228F39CE00C7A209 /* UIColor+Ext.swift in Sources */ = {isa = PBXBuildFile; fileRef = C7EE34C2228F39CE00C7A209 /* UIColor+Ext.swift */; };
/* End PBXBuildFile section */

/* Begin PBXContainerItemProxy section */
		C7EE3484228EEA2A00C7A209 /* PBXContainerItemProxy */ = {
			isa = PBXContainerItemProxy;
			containerPortal = C7EE3467228EEA2900C7A209 /* Project object */;
			proxyType = 1;
			remoteGlobalIDString = C7EE346E228EEA2900C7A209;
			remoteInfo = VenuesApp;
		};
		C7EE348F228EEA2B00C7A209 /* PBXContainerItemProxy */ = {
			isa = PBXContainerItemProxy;
			containerPortal = C7EE3467228EEA2900C7A209 /* Project object */;
			proxyType = 1;
			remoteGlobalIDString = C7EE346E228EEA2900C7A209;
			remoteInfo = VenuesApp;
		};
/* End PBXContainerItemProxy section */

/* Begin PBXFileReference section */
		C7EE1AC9228FDCCE007FA8BA /* VenueOverlay.swift */ = {isa = PBXFileReference; lastKnownFileType = sourcecode.swift; path = VenueOverlay.swift; sourceTree = "<group>"; };
		C7EE1ACB228FDCE0007FA8BA /* Venue.swift */ = {isa = PBXFileReference; lastKnownFileType = sourcecode.swift; path = Venue.swift; sourceTree = "<group>"; };
		C7EE1ACD228FE1C0007FA8BA /* LocationManager.swift */ = {isa = PBXFileReference; lastKnownFileType = sourcecode.swift; path = LocationManager.swift; sourceTree = "<group>"; };
		C7EE1ACF228FE78D007FA8BA /* VenueAnnotation.swift */ = {isa = PBXFileReference; lastKnownFileType = sourcecode.swift; path = VenueAnnotation.swift; sourceTree = "<group>"; };
		C7EE1AD1228FE980007FA8BA /* VenuesMapSearchViewController.swift */ = {isa = PBXFileReference; lastKnownFileType = sourcecode.swift; path = VenuesMapSearchViewController.swift; sourceTree = "<group>"; };
		C7EE1AD3228FF9EF007FA8BA /* PersistencyManager.swift */ = {isa = PBXFileReference; fileEncoding = 4; lastKnownFileType = sourcecode.swift; path = PersistencyManager.swift; sourceTree = "<group>"; };
		C7EE1AD7228FFA1D007FA8BA /* FoursquareAPI.swift */ = {isa = PBXFileReference; lastKnownFileType = sourcecode.swift; path = FoursquareAPI.swift; sourceTree = "<group>"; };
		C7EE346F228EEA2900C7A209 /* EventogyVenuesApp.app */ = {isa = PBXFileReference; explicitFileType = wrapper.application; includeInIndex = 0; path = EventogyVenuesApp.app; sourceTree = BUILT_PRODUCTS_DIR; };
		C7EE3472228EEA2900C7A209 /* AppDelegate.swift */ = {isa = PBXFileReference; lastKnownFileType = sourcecode.swift; path = AppDelegate.swift; sourceTree = "<group>"; };
		C7EE3474228EEA2900C7A209 /* VenuesMapViewController.swift */ = {isa = PBXFileReference; lastKnownFileType = sourcecode.swift; path = VenuesMapViewController.swift; sourceTree = "<group>"; };
		C7EE3477228EEA2900C7A209 /* Base */ = {isa = PBXFileReference; lastKnownFileType = file.storyboard; name = Base; path = Base.lproj/Main.storyboard; sourceTree = "<group>"; };
		C7EE3479228EEA2A00C7A209 /* Assets.xcassets */ = {isa = PBXFileReference; lastKnownFileType = folder.assetcatalog; path = Assets.xcassets; sourceTree = "<group>"; };
		C7EE347C228EEA2A00C7A209 /* Base */ = {isa = PBXFileReference; lastKnownFileType = file.storyboard; name = Base; path = Base.lproj/LaunchScreen.storyboard; sourceTree = "<group>"; };
		C7EE347E228EEA2A00C7A209 /* Info.plist */ = {isa = PBXFileReference; lastKnownFileType = text.plist.xml; path = Info.plist; sourceTree = "<group>"; };
		C7EE3483228EEA2A00C7A209 /* EventogyVenuesAppTests.xctest */ = {isa = PBXFileReference; explicitFileType = wrapper.cfbundle; includeInIndex = 0; path = EventogyVenuesAppTests.xctest; sourceTree = BUILT_PRODUCTS_DIR; };
		C7EE3487228EEA2A00C7A209 /* EventogyVenuesAppTests.swift */ = {isa = PBXFileReference; lastKnownFileType = sourcecode.swift; path = EventogyVenuesAppTests.swift; sourceTree = "<group>"; };
		C7EE3489228EEA2B00C7A209 /* Info.plist */ = {isa = PBXFileReference; lastKnownFileType = text.plist.xml; path = Info.plist; sourceTree = "<group>"; };
		C7EE348E228EEA2B00C7A209 /* EventogyVenuesAppUITests.xctest */ = {isa = PBXFileReference; explicitFileType = wrapper.cfbundle; includeInIndex = 0; path = EventogyVenuesAppUITests.xctest; sourceTree = BUILT_PRODUCTS_DIR; };
		C7EE3492228EEA2B00C7A209 /* EventogyVenuesAppUITests.swift */ = {isa = PBXFileReference; lastKnownFileType = sourcecode.swift; path = EventogyVenuesAppUITests.swift; sourceTree = "<group>"; };
		C7EE3494228EEA2B00C7A209 /* Info.plist */ = {isa = PBXFileReference; lastKnownFileType = text.plist.xml; path = Info.plist; sourceTree = "<group>"; };
		C7EE34A6228F2D9800C7A209 /* VenuesResultViewController.swift */ = {isa = PBXFileReference; lastKnownFileType = sourcecode.swift; path = VenuesResultViewController.swift; sourceTree = "<group>"; };
		C7EE34C0228F354100C7A209 /* NSAttributedString+Ext.swift */ = {isa = PBXFileReference; lastKnownFileType = sourcecode.swift; path = "NSAttributedString+Ext.swift"; sourceTree = "<group>"; };
		C7EE34C2228F39CE00C7A209 /* UIColor+Ext.swift */ = {isa = PBXFileReference; lastKnownFileType = sourcecode.swift; path = "UIColor+Ext.swift"; sourceTree = "<group>"; };
/* End PBXFileReference section */

/* Begin PBXFrameworksBuildPhase section */
		C7EE346C228EEA2900C7A209 /* Frameworks */ = {
			isa = PBXFrameworksBuildPhase;
			buildActionMask = 2147483647;
			files = (
			);
			runOnlyForDeploymentPostprocessing = 0;
		};
		C7EE3480228EEA2A00C7A209 /* Frameworks */ = {
			isa = PBXFrameworksBuildPhase;
			buildActionMask = 2147483647;
			files = (
			);
			runOnlyForDeploymentPostprocessing = 0;
		};
		C7EE348B228EEA2B00C7A209 /* Frameworks */ = {
			isa = PBXFrameworksBuildPhase;
			buildActionMask = 2147483647;
			files = (
			);
			runOnlyForDeploymentPostprocessing = 0;
		};
/* End PBXFrameworksBuildPhase section */

/* Begin PBXGroup section */
		C7EE3466228EEA2900C7A209 = {
			isa = PBXGroup;
			children = (
				C7EE3470228EEA2900C7A209 /* Products */,
				C7EE3471228EEA2900C7A209 /* VenuesApp */,
				C7EE3486228EEA2A00C7A209 /* EventogyVenuesAppTests */,
				C7EE3491228EEA2B00C7A209 /* EventogyVenuesAppUITests */,
			);
			sourceTree = "<group>";
		};
		C7EE3470228EEA2900C7A209 /* Products */ = {
			isa = PBXGroup;
			children = (
				C7EE346F228EEA2900C7A209 /* EventogyVenuesApp.app */,
				C7EE3483228EEA2A00C7A209 /* EventogyVenuesAppTests.xctest */,
				C7EE348E228EEA2B00C7A209 /* EventogyVenuesAppUITests.xctest */,
			);
			name = Products;
			sourceTree = "<group>";
		};
		C7EE3471228EEA2900C7A209 /* VenuesApp */ = {
			isa = PBXGroup;
			children = (
				C7EE34A5228F1A7500C7A209 /* Extensions */,
				C7EE34A2228F1A4200C7A209 /* Model */,
				C7EE34A4228F1A5000C7A209 /* Services */,
				C7EE34A1228F1A3A00C7A209 /* View */,
				C7EE34A0228F1A2E00C7A209 /* ViewModel */,
				C7EE34A3228F1A4700C7A209 /* SupportingFiles */,
			);
			path = VenuesApp;
			sourceTree = "<group>";
		};
		C7EE3486228EEA2A00C7A209 /* EventogyVenuesAppTests */ = {
			isa = PBXGroup;
			children = (
				C7EE3487228EEA2A00C7A209 /* EventogyVenuesAppTests.swift */,
				C7EE3489228EEA2B00C7A209 /* Info.plist */,
			);
			path = EventogyVenuesAppTests;
			sourceTree = "<group>";
		};
		C7EE3491228EEA2B00C7A209 /* EventogyVenuesAppUITests */ = {
			isa = PBXGroup;
			children = (
				C7EE3492228EEA2B00C7A209 /* EventogyVenuesAppUITests.swift */,
				C7EE3494228EEA2B00C7A209 /* Info.plist */,
			);
			path = EventogyVenuesAppUITests;
			sourceTree = "<group>";
		};
		C7EE34A0228F1A2E00C7A209 /* ViewModel */ = {
			isa = PBXGroup;
			children = (
				C7EE1AC9228FDCCE007FA8BA /* VenueOverlay.swift */,
				C7EE1ACF228FE78D007FA8BA /* VenueAnnotation.swift */,
			);
			path = ViewModel;
			sourceTree = "<group>";
		};
		C7EE34A1228F1A3A00C7A209 /* View */ = {
			isa = PBXGroup;
			children = (
				C7EE1AD1228FE980007FA8BA /* VenuesMapSearchViewController.swift */,
				C7EE3474228EEA2900C7A209 /* VenuesMapViewController.swift */,
				C7EE34A6228F2D9800C7A209 /* VenuesResultViewController.swift */,
			);
			path = View;
			sourceTree = "<group>";
		};
		C7EE34A2228F1A4200C7A209 /* Model */ = {
			isa = PBXGroup;
			children = (
				C7EE1ACB228FDCE0007FA8BA /* Venue.swift */,
			);
			path = Model;
			sourceTree = "<group>";
		};
		C7EE34A3228F1A4700C7A209 /* SupportingFiles */ = {
			isa = PBXGroup;
			children = (
				C7EE3472228EEA2900C7A209 /* AppDelegate.swift */,
				C7EE3476228EEA2900C7A209 /* Main.storyboard */,
				C7EE3479228EEA2A00C7A209 /* Assets.xcassets */,
				C7EE347B228EEA2A00C7A209 /* LaunchScreen.storyboard */,
				C7EE347E228EEA2A00C7A209 /* Info.plist */,
			);
			path = SupportingFiles;
			sourceTree = "<group>";
		};
		C7EE34A4228F1A5000C7A209 /* Services */ = {
			isa = PBXGroup;
			children = (
				C7EE1AD3228FF9EF007FA8BA /* PersistencyManager.swift */,
				C7EE1AD7228FFA1D007FA8BA /* FoursquareAPI.swift */,
				C7EE1ACD228FE1C0007FA8BA /* LocationManager.swift */,
			);
			path = Services;
			sourceTree = "<group>";
		};
		C7EE34A5228F1A7500C7A209 /* Extensions */ = {
			isa = PBXGroup;
			children = (
				C7EE34C0228F354100C7A209 /* NSAttributedString+Ext.swift */,
				C7EE34C2228F39CE00C7A209 /* UIColor+Ext.swift */,
			);
			path = Extensions;
			sourceTree = "<group>";
		};
/* End PBXGroup section */

/* Begin PBXNativeTarget section */
		C7EE346E228EEA2900C7A209 /* EventogyVenuesApp */ = {
			isa = PBXNativeTarget;
			buildConfigurationList = C7EE3497228EEA2B00C7A209 /* Build configuration list for PBXNativeTarget "EventogyVenuesApp" */;
			buildPhases = (
				C7EE346B228EEA2900C7A209 /* Sources */,
				C7EE346C228EEA2900C7A209 /* Frameworks */,
				C7EE346D228EEA2900C7A209 /* Resources */,
			);
			buildRules = (
			);
			dependencies = (
			);
			name = EventogyVenuesApp;
			productName = VenuesApp;
			productReference = C7EE346F228EEA2900C7A209 /* EventogyVenuesApp.app */;
			productType = "com.apple.product-type.application";
		};
		C7EE3482228EEA2A00C7A209 /* EventogyVenuesAppTests */ = {
			isa = PBXNativeTarget;
			buildConfigurationList = C7EE349A228EEA2B00C7A209 /* Build configuration list for PBXNativeTarget "EventogyVenuesAppTests" */;
			buildPhases = (
				C7EE347F228EEA2A00C7A209 /* Sources */,
				C7EE3480228EEA2A00C7A209 /* Frameworks */,
				C7EE3481228EEA2A00C7A209 /* Resources */,
			);
			buildRules = (
			);
			dependencies = (
				C7EE3485228EEA2A00C7A209 /* PBXTargetDependency */,
			);
			name = EventogyVenuesAppTests;
			productName = VenuesAppTests;
			productReference = C7EE3483228EEA2A00C7A209 /* EventogyVenuesAppTests.xctest */;
			productType = "com.apple.product-type.bundle.unit-test";
		};
		C7EE348D228EEA2B00C7A209 /* EventogyVenuesAppUITests */ = {
			isa = PBXNativeTarget;
			buildConfigurationList = C7EE349D228EEA2B00C7A209 /* Build configuration list for PBXNativeTarget "EventogyVenuesAppUITests" */;
			buildPhases = (
				C7EE348A228EEA2B00C7A209 /* Sources */,
				C7EE348B228EEA2B00C7A209 /* Frameworks */,
				C7EE348C228EEA2B00C7A209 /* Resources */,
			);
			buildRules = (
			);
			dependencies = (
				C7EE3490228EEA2B00C7A209 /* PBXTargetDependency */,
			);
			name = EventogyVenuesAppUITests;
			productName = VenuesAppUITests;
			productReference = C7EE348E228EEA2B00C7A209 /* EventogyVenuesAppUITests.xctest */;
			productType = "com.apple.product-type.bundle.ui-testing";
		};
/* End PBXNativeTarget section */

/* Begin PBXProject section */
		C7EE3467228EEA2900C7A209 /* Project object */ = {
			isa = PBXProject;
			attributes = {
				LastSwiftUpdateCheck = 1020;
				LastUpgradeCheck = 1020;
				ORGANIZATIONNAME = "GEORGE QUENTIN";
				TargetAttributes = {
					C7EE346E228EEA2900C7A209 = {
						CreatedOnToolsVersion = 10.2.1;
					};
					C7EE3482228EEA2A00C7A209 = {
						CreatedOnToolsVersion = 10.2.1;
						TestTargetID = C7EE346E228EEA2900C7A209;
					};
					C7EE348D228EEA2B00C7A209 = {
						CreatedOnToolsVersion = 10.2.1;
						TestTargetID = C7EE346E228EEA2900C7A209;
					};
				};
			};
			buildConfigurationList = C7EE346A228EEA2900C7A209 /* Build configuration list for PBXProject "EventogyVenuesApp" */;
			compatibilityVersion = "Xcode 9.3";
			developmentRegion = en;
			hasScannedForEncodings = 0;
			knownRegions = (
				en,
				Base,
			);
			mainGroup = C7EE3466228EEA2900C7A209;
			productRefGroup = C7EE3470228EEA2900C7A209 /* Products */;
			projectDirPath = "";
			projectRoot = "";
			targets = (
				C7EE346E228EEA2900C7A209 /* EventogyVenuesApp */,
				C7EE3482228EEA2A00C7A209 /* EventogyVenuesAppTests */,
				C7EE348D228EEA2B00C7A209 /* EventogyVenuesAppUITests */,
			);
		};
/* End PBXProject section */

/* Begin PBXResourcesBuildPhase section */
		C7EE346D228EEA2900C7A209 /* Resources */ = {
			isa = PBXResourcesBuildPhase;
			buildActionMask = 2147483647;
			files = (
				C7EE347D228EEA2A00C7A209 /* LaunchScreen.storyboard in Resources */,
				C7EE347A228EEA2A00C7A209 /* Assets.xcassets in Resources */,
				C7EE3478228EEA2900C7A209 /* Main.storyboard in Resources */,
			);
			runOnlyForDeploymentPostprocessing = 0;
		};
		C7EE3481228EEA2A00C7A209 /* Resources */ = {
			isa = PBXResourcesBuildPhase;
			buildActionMask = 2147483647;
			files = (
			);
			runOnlyForDeploymentPostprocessing = 0;
		};
		C7EE348C228EEA2B00C7A209 /* Resources */ = {
			isa = PBXResourcesBuildPhase;
			buildActionMask = 2147483647;
			files = (
			);
			runOnlyForDeploymentPostprocessing = 0;
		};
/* End PBXResourcesBuildPhase section */

/* Begin PBXSourcesBuildPhase section */
		C7EE346B228EEA2900C7A209 /* Sources */ = {
			isa = PBXSourcesBuildPhase;
			buildActionMask = 2147483647;
			files = (
				C7EE1AD0228FE78D007FA8BA /* VenueAnnotation.swift in Sources */,
				C7EE1AD8228FFA1D007FA8BA /* FoursquareAPI.swift in Sources */,
				C7EE3475228EEA2900C7A209 /* VenuesMapViewController.swift in Sources */,
				C7EE34A7228F2D9800C7A209 /* VenuesResultViewController.swift in Sources */,
				C7EE34C3228F39CE00C7A209 /* UIColor+Ext.swift in Sources */,
				C7EE1ACC228FDCE0007FA8BA /* Venue.swift in Sources */,
				C7EE1AD2228FE980007FA8BA /* VenuesMapSearchViewController.swift in Sources */,
				C7EE1ACE228FE1C0007FA8BA /* LocationManager.swift in Sources */,
				C7EE3473228EEA2900C7A209 /* AppDelegate.swift in Sources */,
				C7EE1ACA228FDCCE007FA8BA /* VenueOverlay.swift in Sources */,
				C7EE34C1228F354100C7A209 /* NSAttributedString+Ext.swift in Sources */,
				C7EE1AD5228FF9F0007FA8BA /* PersistencyManager.swift in Sources */,
			);
			runOnlyForDeploymentPostprocessing = 0;
		};
		C7EE347F228EEA2A00C7A209 /* Sources */ = {
			isa = PBXSourcesBuildPhase;
			buildActionMask = 2147483647;
			files = (
				C7EE3488228EEA2A00C7A209 /* EventogyVenuesAppTests.swift in Sources */,
			);
			runOnlyForDeploymentPostprocessing = 0;
		};
		C7EE348A228EEA2B00C7A209 /* Sources */ = {
			isa = PBXSourcesBuildPhase;
			buildActionMask = 2147483647;
			files = (
				C7EE3493228EEA2B00C7A209 /* EventogyVenuesAppUITests.swift in Sources */,
			);
			runOnlyForDeploymentPostprocessing = 0;
		};
/* End PBXSourcesBuildPhase section */

/* Begin PBXTargetDependency section */
		C7EE3485228EEA2A00C7A209 /* PBXTargetDependency */ = {
			isa = PBXTargetDependency;
			target = C7EE346E228EEA2900C7A209 /* EventogyVenuesApp */;
			targetProxy = C7EE3484228EEA2A00C7A209 /* PBXContainerItemProxy */;
		};
		C7EE3490228EEA2B00C7A209 /* PBXTargetDependency */ = {
			isa = PBXTargetDependency;
			target = C7EE346E228EEA2900C7A209 /* EventogyVenuesApp */;
			targetProxy = C7EE348F228EEA2B00C7A209 /* PBXContainerItemProxy */;
		};
/* End PBXTargetDependency section */

/* Begin PBXVariantGroup section */
		C7EE3476228EEA2900C7A209 /* Main.storyboard */ = {
			isa = PBXVariantGroup;
			children = (
				C7EE3477228EEA2900C7A209 /* Base */,
			);
			name = Main.storyboard;
			sourceTree = "<group>";
		};
		C7EE347B228EEA2A00C7A209 /* LaunchScreen.storyboard */ = {
			isa = PBXVariantGroup;
			children = (
				C7EE347C228EEA2A00C7A209 /* Base */,
			);
			name = LaunchScreen.storyboard;
			sourceTree = "<group>";
		};
/* End PBXVariantGroup section */

/* Begin XCBuildConfiguration section */
		C7EE3495228EEA2B00C7A209 /* Debug */ = {
			isa = XCBuildConfiguration;
			buildSettings = {
				ALWAYS_SEARCH_USER_PATHS = NO;
				CLANG_ANALYZER_NONNULL = YES;
				CLANG_ANALYZER_NUMBER_OBJECT_CONVERSION = YES_AGGRESSIVE;
				CLANG_CXX_LANGUAGE_STANDARD = "gnu++14";
				CLANG_CXX_LIBRARY = "libc++";
				CLANG_ENABLE_MODULES = YES;
				CLANG_ENABLE_OBJC_ARC = YES;
				CLANG_ENABLE_OBJC_WEAK = YES;
				CLANG_WARN_BLOCK_CAPTURE_AUTORELEASING = YES;
				CLANG_WARN_BOOL_CONVERSION = YES;
				CLANG_WARN_COMMA = YES;
				CLANG_WARN_CONSTANT_CONVERSION = YES;
				CLANG_WARN_DEPRECATED_OBJC_IMPLEMENTATIONS = YES;
				CLANG_WARN_DIRECT_OBJC_ISA_USAGE = YES_ERROR;
				CLANG_WARN_DOCUMENTATION_COMMENTS = YES;
				CLANG_WARN_EMPTY_BODY = YES;
				CLANG_WARN_ENUM_CONVERSION = YES;
				CLANG_WARN_INFINITE_RECURSION = YES;
				CLANG_WARN_INT_CONVERSION = YES;
				CLANG_WARN_NON_LITERAL_NULL_CONVERSION = YES;
				CLANG_WARN_OBJC_IMPLICIT_RETAIN_SELF = YES;
				CLANG_WARN_OBJC_LITERAL_CONVERSION = YES;
				CLANG_WARN_OBJC_ROOT_CLASS = YES_ERROR;
				CLANG_WARN_RANGE_LOOP_ANALYSIS = YES;
				CLANG_WARN_STRICT_PROTOTYPES = YES;
				CLANG_WARN_SUSPICIOUS_MOVE = YES;
				CLANG_WARN_UNGUARDED_AVAILABILITY = YES_AGGRESSIVE;
				CLANG_WARN_UNREACHABLE_CODE = YES;
				CLANG_WARN__DUPLICATE_METHOD_MATCH = YES;
				CODE_SIGN_IDENTITY = "iPhone Developer";
				COPY_PHASE_STRIP = NO;
				DEBUG_INFORMATION_FORMAT = dwarf;
				ENABLE_STRICT_OBJC_MSGSEND = YES;
				ENABLE_TESTABILITY = YES;
				GCC_C_LANGUAGE_STANDARD = gnu11;
				GCC_DYNAMIC_NO_PIC = NO;
				GCC_NO_COMMON_BLOCKS = YES;
				GCC_OPTIMIZATION_LEVEL = 0;
				GCC_PREPROCESSOR_DEFINITIONS = (
					"DEBUG=1",
					"$(inherited)",
				);
				GCC_WARN_64_TO_32_BIT_CONVERSION = YES;
				GCC_WARN_ABOUT_RETURN_TYPE = YES_ERROR;
				GCC_WARN_UNDECLARED_SELECTOR = YES;
				GCC_WARN_UNINITIALIZED_AUTOS = YES_AGGRESSIVE;
				GCC_WARN_UNUSED_FUNCTION = YES;
				GCC_WARN_UNUSED_VARIABLE = YES;
				IPHONEOS_DEPLOYMENT_TARGET = 12.2;
				MTL_ENABLE_DEBUG_INFO = INCLUDE_SOURCE;
				MTL_FAST_MATH = YES;
				ONLY_ACTIVE_ARCH = YES;
				SDKROOT = iphoneos;
				SWIFT_ACTIVE_COMPILATION_CONDITIONS = DEBUG;
				SWIFT_OPTIMIZATION_LEVEL = "-Onone";
			};
			name = Debug;
		};
		C7EE3496228EEA2B00C7A209 /* Release */ = {
			isa = XCBuildConfiguration;
			buildSettings = {
				ALWAYS_SEARCH_USER_PATHS = NO;
				CLANG_ANALYZER_NONNULL = YES;
				CLANG_ANALYZER_NUMBER_OBJECT_CONVERSION = YES_AGGRESSIVE;
				CLANG_CXX_LANGUAGE_STANDARD = "gnu++14";
				CLANG_CXX_LIBRARY = "libc++";
				CLANG_ENABLE_MODULES = YES;
				CLANG_ENABLE_OBJC_ARC = YES;
				CLANG_ENABLE_OBJC_WEAK = YES;
				CLANG_WARN_BLOCK_CAPTURE_AUTORELEASING = YES;
				CLANG_WARN_BOOL_CONVERSION = YES;
				CLANG_WARN_COMMA = YES;
				CLANG_WARN_CONSTANT_CONVERSION = YES;
				CLANG_WARN_DEPRECATED_OBJC_IMPLEMENTATIONS = YES;
				CLANG_WARN_DIRECT_OBJC_ISA_USAGE = YES_ERROR;
				CLANG_WARN_DOCUMENTATION_COMMENTS = YES;
				CLANG_WARN_EMPTY_BODY = YES;
				CLANG_WARN_ENUM_CONVERSION = YES;
				CLANG_WARN_INFINITE_RECURSION = YES;
				CLANG_WARN_INT_CONVERSION = YES;
				CLANG_WARN_NON_LITERAL_NULL_CONVERSION = YES;
				CLANG_WARN_OBJC_IMPLICIT_RETAIN_SELF = YES;
				CLANG_WARN_OBJC_LITERAL_CONVERSION = YES;
				CLANG_WARN_OBJC_ROOT_CLASS = YES_ERROR;
				CLANG_WARN_RANGE_LOOP_ANALYSIS = YES;
				CLANG_WARN_STRICT_PROTOTYPES = YES;
				CLANG_WARN_SUSPICIOUS_MOVE = YES;
				CLANG_WARN_UNGUARDED_AVAILABILITY = YES_AGGRESSIVE;
				CLANG_WARN_UNREACHABLE_CODE = YES;
				CLANG_WARN__DUPLICATE_METHOD_MATCH = YES;
				CODE_SIGN_IDENTITY = "iPhone Developer";
				COPY_PHASE_STRIP = NO;
				DEBUG_INFORMATION_FORMAT = "dwarf-with-dsym";
				ENABLE_NS_ASSERTIONS = NO;
				ENABLE_STRICT_OBJC_MSGSEND = YES;
				GCC_C_LANGUAGE_STANDARD = gnu11;
				GCC_NO_COMMON_BLOCKS = YES;
				GCC_WARN_64_TO_32_BIT_CONVERSION = YES;
				GCC_WARN_ABOUT_RETURN_TYPE = YES_ERROR;
				GCC_WARN_UNDECLARED_SELECTOR = YES;
				GCC_WARN_UNINITIALIZED_AUTOS = YES_AGGRESSIVE;
				GCC_WARN_UNUSED_FUNCTION = YES;
				GCC_WARN_UNUSED_VARIABLE = YES;
				IPHONEOS_DEPLOYMENT_TARGET = 12.2;
				MTL_ENABLE_DEBUG_INFO = NO;
				MTL_FAST_MATH = YES;
				SDKROOT = iphoneos;
				SWIFT_COMPILATION_MODE = wholemodule;
				SWIFT_OPTIMIZATION_LEVEL = "-O";
				VALIDATE_PRODUCT = YES;
			};
			name = Release;
		};
		C7EE3498228EEA2B00C7A209 /* Debug */ = {
			isa = XCBuildConfiguration;
			buildSettings = {
				ASSETCATALOG_COMPILER_APPICON_NAME = AppIcon;
				CODE_SIGN_STYLE = Automatic;
				DEVELOPMENT_TEAM = 4Q93294747;
				INFOPLIST_FILE = VenuesApp/SupportingFiles/Info.plist;
				LD_RUNPATH_SEARCH_PATHS = (
					"$(inherited)",
					"@executable_path/Frameworks",
				);
				PRODUCT_BUNDLE_IDENTIFIER = "com.geo-games.VenuesApp";
				PRODUCT_NAME = "$(TARGET_NAME)";
				SWIFT_VERSION = 5.0;
				TARGETED_DEVICE_FAMILY = "1,2";
			};
			name = Debug;
		};
		C7EE3499228EEA2B00C7A209 /* Release */ = {
			isa = XCBuildConfiguration;
			buildSettings = {
				ASSETCATALOG_COMPILER_APPICON_NAME = AppIcon;
				CODE_SIGN_STYLE = Automatic;
				DEVELOPMENT_TEAM = 4Q93294747;
				INFOPLIST_FILE = VenuesApp/SupportingFiles/Info.plist;
				LD_RUNPATH_SEARCH_PATHS = (
					"$(inherited)",
					"@executable_path/Frameworks",
				);
				PRODUCT_BUNDLE_IDENTIFIER = "com.geo-games.VenuesApp";
				PRODUCT_NAME = "$(TARGET_NAME)";
				SWIFT_VERSION = 5.0;
				TARGETED_DEVICE_FAMILY = "1,2";
			};
			name = Release;
		};
		C7EE349B228EEA2B00C7A209 /* Debug */ = {
			isa = XCBuildConfiguration;
			buildSettings = {
				ALWAYS_EMBED_SWIFT_STANDARD_LIBRARIES = YES;
				BUNDLE_LOADER = "$(TEST_HOST)";
				CODE_SIGN_STYLE = Automatic;
				INFOPLIST_FILE = EventogyVenuesAppTests/Info.plist;
				LD_RUNPATH_SEARCH_PATHS = (
					"$(inherited)",
					"@executable_path/Frameworks",
					"@loader_path/Frameworks",
				);
				PRODUCT_BUNDLE_IDENTIFIER = "com.geo-games.VenuesAppTests";
				PRODUCT_NAME = "$(TARGET_NAME)";
				SWIFT_VERSION = 5.0;
				TARGETED_DEVICE_FAMILY = "1,2";
				TEST_HOST = "$(BUILT_PRODUCTS_DIR)/EventogyVenuesApp.app/EventogyVenuesApp";
			};
			name = Debug;
		};
		C7EE349C228EEA2B00C7A209 /* Release */ = {
			isa = XCBuildConfiguration;
			buildSettings = {
				ALWAYS_EMBED_SWIFT_STANDARD_LIBRARIES = YES;
				BUNDLE_LOADER = "$(TEST_HOST)";
				CODE_SIGN_STYLE = Automatic;
				INFOPLIST_FILE = EventogyVenuesAppTests/Info.plist;
				LD_RUNPATH_SEARCH_PATHS = (
					"$(inherited)",
					"@executable_path/Frameworks",
					"@loader_path/Frameworks",
				);
				PRODUCT_BUNDLE_IDENTIFIER = "com.geo-games.VenuesAppTests";
				PRODUCT_NAME = "$(TARGET_NAME)";
				SWIFT_VERSION = 5.0;
				TARGETED_DEVICE_FAMILY = "1,2";
				TEST_HOST = "$(BUILT_PRODUCTS_DIR)/EventogyVenuesApp.app/EventogyVenuesApp";
			};
			name = Release;
		};
		C7EE349E228EEA2B00C7A209 /* Debug */ = {
			isa = XCBuildConfiguration;
			buildSettings = {
				ALWAYS_EMBED_SWIFT_STANDARD_LIBRARIES = YES;
				CODE_SIGN_STYLE = Automatic;
				INFOPLIST_FILE = EventogyVenuesAppUITests/Info.plist;
				LD_RUNPATH_SEARCH_PATHS = (
					"$(inherited)",
					"@executable_path/Frameworks",
					"@loader_path/Frameworks",
				);
				PRODUCT_BUNDLE_IDENTIFIER = "com.geo-games.VenuesAppUITests";
				PRODUCT_NAME = "$(TARGET_NAME)";
				SWIFT_VERSION = 5.0;
				TARGETED_DEVICE_FAMILY = "1,2";
				TEST_TARGET_NAME = VenuesApp;
			};
			name = Debug;
		};
		C7EE349F228EEA2B00C7A209 /* Release */ = {
			isa = XCBuildConfiguration;
			buildSettings = {
				ALWAYS_EMBED_SWIFT_STANDARD_LIBRARIES = YES;
				CODE_SIGN_STYLE = Automatic;
				INFOPLIST_FILE = EventogyVenuesAppUITests/Info.plist;
				LD_RUNPATH_SEARCH_PATHS = (
					"$(inherited)",
					"@executable_path/Frameworks",
					"@loader_path/Frameworks",
				);
				PRODUCT_BUNDLE_IDENTIFIER = "com.geo-games.VenuesAppUITests";
				PRODUCT_NAME = "$(TARGET_NAME)";
				SWIFT_VERSION = 5.0;
				TARGETED_DEVICE_FAMILY = "1,2";
				TEST_TARGET_NAME = VenuesApp;
			};
			name = Release;
		};
/* End XCBuildConfiguration section */

/* Begin XCConfigurationList section */
		C7EE346A228EEA2900C7A209 /* Build configuration list for PBXProject "EventogyVenuesApp" */ = {
			isa = XCConfigurationList;
			buildConfigurations = (
				C7EE3495228EEA2B00C7A209 /* Debug */,
				C7EE3496228EEA2B00C7A209 /* Release */,
			);
			defaultConfigurationIsVisible = 0;
			defaultConfigurationName = Release;
		};
		C7EE3497228EEA2B00C7A209 /* Build configuration list for PBXNativeTarget "EventogyVenuesApp" */ = {
			isa = XCConfigurationList;
			buildConfigurations = (
				C7EE3498228EEA2B00C7A209 /* Debug */,
				C7EE3499228EEA2B00C7A209 /* Release */,
			);
			defaultConfigurationIsVisible = 0;
			defaultConfigurationName = Release;
		};
		C7EE349A228EEA2B00C7A209 /* Build configuration list for PBXNativeTarget "EventogyVenuesAppTests" */ = {
			isa = XCConfigurationList;
			buildConfigurations = (
				C7EE349B228EEA2B00C7A209 /* Debug */,
				C7EE349C228EEA2B00C7A209 /* Release */,
			);
			defaultConfigurationIsVisible = 0;
			defaultConfigurationName = Release;
		};
		C7EE349D228EEA2B00C7A209 /* Build configuration list for PBXNativeTarget "EventogyVenuesAppUITests" */ = {
			isa = XCConfigurationList;
			buildConfigurations = (
				C7EE349E228EEA2B00C7A209 /* Debug */,
				C7EE349F228EEA2B00C7A209 /* Release */,
			);
			defaultConfigurationIsVisible = 0;
			defaultConfigurationName = Release;
		};
/* End XCConfigurationList section */
	};
	rootObject = C7EE3467228EEA2900C7A209 /* Project object */;
}
